
Microsoft Visual Studio Solution File, Format Version 11.00
# Visual Studio 2010
Project("{FAE04EC0-301F-11D3-BF4B-00C04F79EFBC}") = "Array_Uppgift_1", "Array_Uppgift_1\Array_Uppgift_1.csproj", "{E88099C0-3BC5-405C-AFCF-E0DEEDBF4DBF}"
EndProject
Global
	GlobalSection(SolutionConfigurationPlatforms) = preSolution
		Debug|x86 = Debug|x86
		Release|x86 = Release|x86
	EndGlobalSection
	GlobalSection(ProjectConfigurationPlatforms) = postSolution
		{E88099C0-3BC5-405C-AFCF-E0DEEDBF4DBF}.Debug|x86.ActiveCfg = Debug|x86
		{E88099C0-3BC5-405C-AFCF-E0DEEDBF4DBF}.Debug|x86.Build.0 = Debug|x86
		{E88099C0-3BC5-405C-AFCF-E0DEEDBF4DBF}.Release|x86.ActiveCfg = Release|x86
		{E88099C0-3BC5-405C-AFCF-E0DEEDBF4DBF}.Release|x86.Build.0 = Release|x86
	EndGlobalSection
	GlobalSection(SolutionProperties) = preSolution
		HideSolutionNode = FALSE
	EndGlobalSection
EndGlobal
