
Microsoft Visual Studio Solution File, Format Version 11.00
# Visual Studio 2010
Project("{FAE04EC0-301F-11D3-BF4B-00C04F79EFBC}") = "SwitchCase_uppgift_1", "SwitchCase_uppgift_1\SwitchCase_uppgift_1.csproj", "{B79E5E6E-1214-4E48-AAAF-564CD8545D4A}"
EndProject
Global
	GlobalSection(SolutionConfigurationPlatforms) = preSolution
		Debug|x86 = Debug|x86
		Release|x86 = Release|x86
	EndGlobalSection
	GlobalSection(ProjectConfigurationPlatforms) = postSolution
		{B79E5E6E-1214-4E48-AAAF-564CD8545D4A}.Debug|x86.ActiveCfg = Debug|x86
		{B79E5E6E-1214-4E48-AAAF-564CD8545D4A}.Debug|x86.Build.0 = Debug|x86
		{B79E5E6E-1214-4E48-AAAF-564CD8545D4A}.Release|x86.ActiveCfg = Release|x86
		{B79E5E6E-1214-4E48-AAAF-564CD8545D4A}.Release|x86.Build.0 = Release|x86
	EndGlobalSection
	GlobalSection(SolutionProperties) = preSolution
		HideSolutionNode = FALSE
	EndGlobalSection
EndGlobal
